
Microsoft Visual Studio Solution File, Format Version 12.00
# Visual Studio Version 17
VisualStudioVersion = 17.4.33213.308
MinimumVisualStudioVersion = 10.0.40219.1
Project("{FAE04EC0-301F-11D3-BF4B-00C04F79EFBC}") = "AppBancoDigital.Android", "AppBancoDigital\AppBancoDigital.Android\AppBancoDigital.Android.csproj", "{537B134B-4CED-45CA-9D13-3A8AEB8CBB2A}"
EndProject
Project("{FAE04EC0-301F-11D3-BF4B-00C04F79EFBC}") = "AppBancoDigital", "AppBancoDigital\AppBancoDigital\AppBancoDigital.csproj", "{55A734D8-4F54-4418-BCAE-5F10D407882D}"
EndProject
Global
	GlobalSection(SolutionConfigurationPlatforms) = preSolution
		Debug|Any CPU = Debug|Any CPU
		Release|Any CPU = Release|Any CPU
	EndGlobalSection
	GlobalSection(ProjectConfigurationPlatforms) = postSolution
		{537B134B-4CED-45CA-9D13-3A8AEB8CBB2A}.Debug|Any CPU.ActiveCfg = Debug|Any CPU
		{537B134B-4CED-45CA-9D13-3A8AEB8CBB2A}.Debug|Any CPU.Build.0 = Debug|Any CPU
		{537B134B-4CED-45CA-9D13-3A8AEB8CBB2A}.Debug|Any CPU.Deploy.0 = Debug|Any CPU
		{537B134B-4CED-45CA-9D13-3A8AEB8CBB2A}.Release|Any CPU.ActiveCfg = Release|Any CPU
		{537B134B-4CED-45CA-9D13-3A8AEB8CBB2A}.Release|Any CPU.Build.0 = Release|Any CPU
		{537B134B-4CED-45CA-9D13-3A8AEB8CBB2A}.Release|Any CPU.Deploy.0 = Release|Any CPU
		{55A734D8-4F54-4418-BCAE-5F10D407882D}.Debug|Any CPU.ActiveCfg = Debug|Any CPU
		{55A734D8-4F54-4418-BCAE-5F10D407882D}.Debug|Any CPU.Build.0 = Debug|Any CPU
		{55A734D8-4F54-4418-BCAE-5F10D407882D}.Debug|Any CPU.Deploy.0 = Debug|Any CPU
		{55A734D8-4F54-4418-BCAE-5F10D407882D}.Release|Any CPU.ActiveCfg = Release|Any CPU
		{55A734D8-4F54-4418-BCAE-5F10D407882D}.Release|Any CPU.Build.0 = Release|Any CPU
		{55A734D8-4F54-4418-BCAE-5F10D407882D}.Release|Any CPU.Deploy.0 = Release|Any CPU
	EndGlobalSection
	GlobalSection(SolutionProperties) = preSolution
		HideSolutionNode = FALSE
	EndGlobalSection
	GlobalSection(ExtensibilityGlobals) = postSolution
		SolutionGuid = {75932DF0-881D-4124-BC5B-FB9E408CFE09}
	EndGlobalSection
EndGlobal
